
Microsoft Visual Studio Solution File, Format Version 12.00
# Visual Studio Version 17
VisualStudioVersion = 17.0.31903.59
MinimumVisualStudioVersion = 10.0.40219.1
Project("{FAE04EC0-301F-11D3-BF4B-00C04F79EFBC}") = "OnlineStore.Core", "OnlineStore.Core\OnlineStore.Core.csproj", "{DC5AA104-CCFE-4819-B5A9-7D7D8DE95C25}"
EndProject
Project("{FAE04EC0-301F-11D3-BF4B-00C04F79EFBC}") = "OnlineStore.Application", "OnlineStore.Application\OnlineStore.Application.csproj", "{9AA96B68-CC4E-409C-AD7B-D4ED6A068A43}"
EndProject
Project("{FAE04EC0-301F-11D3-BF4B-00C04F79EFBC}") = "OnlineStore.Infrastructure", "OnlineStore.Infrastructure\OnlineStore.Infrastructure.csproj", "{759E1F67-4589-42EA-A0FE-F2E27096CA0D}"
EndProject
Project("{FAE04EC0-301F-11D3-BF4B-00C04F79EFBC}") = "OnlineStore.Web", "OnlineStore.Web\OnlineStore.Web.csproj", "{E025F6F6-5946-4EEA-8278-9901A6A80475}"
EndProject
Global
	GlobalSection(SolutionConfigurationPlatforms) = preSolution
		Debug|Any CPU = Debug|Any CPU
		Debug|x64 = Debug|x64
		Debug|x86 = Debug|x86
		Release|Any CPU = Release|Any CPU
		Release|x64 = Release|x64
		Release|x86 = Release|x86
	EndGlobalSection
	GlobalSection(ProjectConfigurationPlatforms) = postSolution
		{DC5AA104-CCFE-4819-B5A9-7D7D8DE95C25}.Debug|Any CPU.ActiveCfg = Debug|Any CPU
		{DC5AA104-CCFE-4819-B5A9-7D7D8DE95C25}.Debug|Any CPU.Build.0 = Debug|Any CPU
		{DC5AA104-CCFE-4819-B5A9-7D7D8DE95C25}.Debug|x64.ActiveCfg = Debug|Any CPU
		{DC5AA104-CCFE-4819-B5A9-7D7D8DE95C25}.Debug|x64.Build.0 = Debug|Any CPU
		{DC5AA104-CCFE-4819-B5A9-7D7D8DE95C25}.Debug|x86.ActiveCfg = Debug|Any CPU
		{DC5AA104-CCFE-4819-B5A9-7D7D8DE95C25}.Debug|x86.Build.0 = Debug|Any CPU
		{DC5AA104-CCFE-4819-B5A9-7D7D8DE95C25}.Release|Any CPU.ActiveCfg = Release|Any CPU
		{DC5AA104-CCFE-4819-B5A9-7D7D8DE95C25}.Release|Any CPU.Build.0 = Release|Any CPU
		{DC5AA104-CCFE-4819-B5A9-7D7D8DE95C25}.Release|x64.ActiveCfg = Release|Any CPU
		{DC5AA104-CCFE-4819-B5A9-7D7D8DE95C25}.Release|x64.Build.0 = Release|Any CPU
		{DC5AA104-CCFE-4819-B5A9-7D7D8DE95C25}.Release|x86.ActiveCfg = Release|Any CPU
		{DC5AA104-CCFE-4819-B5A9-7D7D8DE95C25}.Release|x86.Build.0 = Release|Any CPU
		{9AA96B68-CC4E-409C-AD7B-D4ED6A068A43}.Debug|Any CPU.ActiveCfg = Debug|Any CPU
		{9AA96B68-CC4E-409C-AD7B-D4ED6A068A43}.Debug|Any CPU.Build.0 = Debug|Any CPU
		{9AA96B68-CC4E-409C-AD7B-D4ED6A068A43}.Debug|x64.ActiveCfg = Debug|Any CPU
		{9AA96B68-CC4E-409C-AD7B-D4ED6A068A43}.Debug|x64.Build.0 = Debug|Any CPU
		{9AA96B68-CC4E-409C-AD7B-D4ED6A068A43}.Debug|x86.ActiveCfg = Debug|Any CPU
		{9AA96B68-CC4E-409C-AD7B-D4ED6A068A43}.Debug|x86.Build.0 = Debug|Any CPU
		{9AA96B68-CC4E-409C-AD7B-D4ED6A068A43}.Release|Any CPU.ActiveCfg = Release|Any CPU
		{9AA96B68-CC4E-409C-AD7B-D4ED6A068A43}.Release|Any CPU.Build.0 = Release|Any CPU
		{9AA96B68-CC4E-409C-AD7B-D4ED6A068A43}.Release|x64.ActiveCfg = Release|Any CPU
		{9AA96B68-CC4E-409C-AD7B-D4ED6A068A43}.Release|x64.Build.0 = Release|Any CPU
		{9AA96B68-CC4E-409C-AD7B-D4ED6A068A43}.Release|x86.ActiveCfg = Release|Any CPU
		{9AA96B68-CC4E-409C-AD7B-D4ED6A068A43}.Release|x86.Build.0 = Release|Any CPU
		{759E1F67-4589-42EA-A0FE-F2E27096CA0D}.Debug|Any CPU.ActiveCfg = Debug|Any CPU
		{759E1F67-4589-42EA-A0FE-F2E27096CA0D}.Debug|Any CPU.Build.0 = Debug|Any CPU
		{759E1F67-4589-42EA-A0FE-F2E27096CA0D}.Debug|x64.ActiveCfg = Debug|Any CPU
		{759E1F67-4589-42EA-A0FE-F2E27096CA0D}.Debug|x64.Build.0 = Debug|Any CPU
		{759E1F67-4589-42EA-A0FE-F2E27096CA0D}.Debug|x86.ActiveCfg = Debug|Any CPU
		{759E1F67-4589-42EA-A0FE-F2E27096CA0D}.Debug|x86.Build.0 = Debug|Any CPU
		{759E1F67-4589-42EA-A0FE-F2E27096CA0D}.Release|Any CPU.ActiveCfg = Release|Any CPU
		{759E1F67-4589-42EA-A0FE-F2E27096CA0D}.Release|Any CPU.Build.0 = Release|Any CPU
		{759E1F67-4589-42EA-A0FE-F2E27096CA0D}.Release|x64.ActiveCfg = Release|Any CPU
		{759E1F67-4589-42EA-A0FE-F2E27096CA0D}.Release|x64.Build.0 = Release|Any CPU
		{759E1F67-4589-42EA-A0FE-F2E27096CA0D}.Release|x86.ActiveCfg = Release|Any CPU
		{759E1F67-4589-42EA-A0FE-F2E27096CA0D}.Release|x86.Build.0 = Release|Any CPU
		{E025F6F6-5946-4EEA-8278-9901A6A80475}.Debug|Any CPU.ActiveCfg = Debug|Any CPU
		{E025F6F6-5946-4EEA-8278-9901A6A80475}.Debug|Any CPU.Build.0 = Debug|Any CPU
		{E025F6F6-5946-4EEA-8278-9901A6A80475}.Debug|x64.ActiveCfg = Debug|Any CPU
		{E025F6F6-5946-4EEA-8278-9901A6A80475}.Debug|x64.Build.0 = Debug|Any CPU
		{E025F6F6-5946-4EEA-8278-9901A6A80475}.Debug|x86.ActiveCfg = Debug|Any CPU
		{E025F6F6-5946-4EEA-8278-9901A6A80475}.Debug|x86.Build.0 = Debug|Any CPU
		{E025F6F6-5946-4EEA-8278-9901A6A80475}.Release|Any CPU.ActiveCfg = Release|Any CPU
		{E025F6F6-5946-4EEA-8278-9901A6A80475}.Release|Any CPU.Build.0 = Release|Any CPU
		{E025F6F6-5946-4EEA-8278-9901A6A80475}.Release|x64.ActiveCfg = Release|Any CPU
		{E025F6F6-5946-4EEA-8278-9901A6A80475}.Release|x64.Build.0 = Release|Any CPU
		{E025F6F6-5946-4EEA-8278-9901A6A80475}.Release|x86.ActiveCfg = Release|Any CPU
		{E025F6F6-5946-4EEA-8278-9901A6A80475}.Release|x86.Build.0 = Release|Any CPU
	EndGlobalSection
	GlobalSection(SolutionProperties) = preSolution
		HideSolutionNode = FALSE
	EndGlobalSection
EndGlobal
